
Microsoft Visual Studio Solution File, Format Version 12.00
# Visual Studio Version 16
VisualStudioVersion = 16.0.30204.135
MinimumVisualStudioVersion = 10.0.40219.1
Project("{FAE04EC0-301F-11D3-BF4B-00C04F79EFBC}") = "Ra2Bunker", "Ra2Bunker\Ra2Bunker.csproj", "{F3886012-001A-4BF0-961D-FE0A6E0404C5}"
EndProject
Global
	GlobalSection(SolutionConfigurationPlatforms) = preSolution
		Debug|Any CPU = Debug|Any CPU
		Release|Any CPU = Release|Any CPU
	EndGlobalSection
	GlobalSection(ProjectConfigurationPlatforms) = postSolution
		{F3886012-001A-4BF0-961D-FE0A6E0404C5}.Debug|Any CPU.ActiveCfg = Debug|Any CPU
		{F3886012-001A-4BF0-961D-FE0A6E0404C5}.Debug|Any CPU.Build.0 = Debug|Any CPU
		{F3886012-001A-4BF0-961D-FE0A6E0404C5}.Release|Any CPU.ActiveCfg = Release|Any CPU
		{F3886012-001A-4BF0-961D-FE0A6E0404C5}.Release|Any CPU.Build.0 = Release|Any CPU
	EndGlobalSection
	GlobalSection(SolutionProperties) = preSolution
		HideSolutionNode = FALSE
	EndGlobalSection
	GlobalSection(ExtensibilityGlobals) = postSolution
		SolutionGuid = {5315C4D5-9B82-4A1F-AE3D-3E118724D149}
	EndGlobalSection
EndGlobal
